// !$*UTF8*$!
{
	archiveVersion = 1;
	classes = {
	};
	objectVersion = 56;
	objects = {

/* Begin PBXBuildFile section */
		1CD63BC92B5F99A60038D3AB /* drmtestApp.swift in Sources */ = {isa = PBXBuildFile; fileRef = 1CD63BC82B5F99A60038D3AB /* drmtestApp.swift */; };
		1CD63BCB2B5F99A60038D3AB /* ContentView.swift in Sources */ = {isa = PBXBuildFile; fileRef = 1CD63BCA2B5F99A60038D3AB /* ContentView.swift */; };
		1CD63BCD2B5F99A90038D3AB /* Assets.xcassets in Resources */ = {isa = PBXBuildFile; fileRef = 1CD63BCC2B5F99A90038D3AB /* Assets.xcassets */; };
		1CD63BD02B5F99A90038D3AB /* Preview Assets.xcassets in Resources */ = {isa = PBXBuildFile; fileRef = 1CD63BCF2B5F99A90038D3AB /* Preview Assets.xcassets */; };
		1CD63BDA2B5F99A90038D3AB /* drmtestTests.swift in Sources */ = {isa = PBXBuildFile; fileRef = 1CD63BD92B5F99A90038D3AB /* drmtestTests.swift */; };
		1CD63BE42B5F99A90038D3AB /* drmtestUITests.swift in Sources */ = {isa = PBXBuildFile; fileRef = 1CD63BE32B5F99A90038D3AB /* drmtestUITests.swift */; };
		1CD63BE62B5F99A90038D3AB /* drmtestUITestsLaunchTests.swift in Sources */ = {isa = PBXBuildFile; fileRef = 1CD63BE52B5F99A90038D3AB /* drmtestUITestsLaunchTests.swift */; };
		1CD63BF42B5F9B130038D3AB /* ComposeView.swift in Sources */ = {isa = PBXBuildFile; fileRef = 1CD63BF32B5F9B130038D3AB /* ComposeView.swift */; };
/* End PBXBuildFile section */

/* Begin PBXContainerItemProxy section */
		1CD63BD62B5F99A90038D3AB /* PBXContainerItemProxy */ = {
			isa = PBXContainerItemProxy;
			containerPortal = 1CD63BBD2B5F99A60038D3AB /* Project object */;
			proxyType = 1;
			remoteGlobalIDString = 1CD63BC42B5F99A60038D3AB;
			remoteInfo = drmtest;
		};
		1CD63BE02B5F99A90038D3AB /* PBXContainerItemProxy */ = {
			isa = PBXContainerItemProxy;
			containerPortal = 1CD63BBD2B5F99A60038D3AB /* Project object */;
			proxyType = 1;
			remoteGlobalIDString = 1CD63BC42B5F99A60038D3AB;
			remoteInfo = drmtest;
		};
/* End PBXContainerItemProxy section */

/* Begin PBXFileReference section */
		1CD63BC52B5F99A60038D3AB /* drmtest.app */ = {isa = PBXFileReference; explicitFileType = wrapper.application; includeInIndex = 0; path = drmtest.app; sourceTree = BUILT_PRODUCTS_DIR; };
		1CD63BC82B5F99A60038D3AB /* drmtestApp.swift */ = {isa = PBXFileReference; lastKnownFileType = sourcecode.swift; path = drmtestApp.swift; sourceTree = "<group>"; };
		1CD63BCA2B5F99A60038D3AB /* ContentView.swift */ = {isa = PBXFileReference; lastKnownFileType = sourcecode.swift; path = ContentView.swift; sourceTree = "<group>"; };
		1CD63BCC2B5F99A90038D3AB /* Assets.xcassets */ = {isa = PBXFileReference; lastKnownFileType = folder.assetcatalog; path = Assets.xcassets; sourceTree = "<group>"; };
		1CD63BCF2B5F99A90038D3AB /* Preview Assets.xcassets */ = {isa = PBXFileReference; lastKnownFileType = folder.assetcatalog; path = "Preview Assets.xcassets"; sourceTree = "<group>"; };
		1CD63BD52B5F99A90038D3AB /* drmtestTests.xctest */ = {isa = PBXFileReference; explicitFileType = wrapper.cfbundle; includeInIndex = 0; path = drmtestTests.xctest; sourceTree = BUILT_PRODUCTS_DIR; };
		1CD63BD92B5F99A90038D3AB /* drmtestTests.swift */ = {isa = PBXFileReference; lastKnownFileType = sourcecode.swift; path = drmtestTests.swift; sourceTree = "<group>"; };
		1CD63BDF2B5F99A90038D3AB /* drmtestUITests.xctest */ = {isa = PBXFileReference; explicitFileType = wrapper.cfbundle; includeInIndex = 0; path = drmtestUITests.xctest; sourceTree = BUILT_PRODUCTS_DIR; };
		1CD63BE32B5F99A90038D3AB /* drmtestUITests.swift */ = {isa = PBXFileReference; lastKnownFileType = sourcecode.swift; path = drmtestUITests.swift; sourceTree = "<group>"; };
		1CD63BE52B5F99A90038D3AB /* drmtestUITestsLaunchTests.swift */ = {isa = PBXFileReference; lastKnownFileType = sourcecode.swift; path = drmtestUITestsLaunchTests.swift; sourceTree = "<group>"; };
		1CD63BF32B5F9B130038D3AB /* ComposeView.swift */ = {isa = PBXFileReference; lastKnownFileType = sourcecode.swift; path = ComposeView.swift; sourceTree = "<group>"; };
/* End PBXFileReference section */

/* Begin PBXFrameworksBuildPhase section */
		1CD63BC22B5F99A60038D3AB /* Frameworks */ = {
			isa = PBXFrameworksBuildPhase;
			buildActionMask = 2147483647;
			files = (
			);
			runOnlyForDeploymentPostprocessing = 0;
		};
		1CD63BD22B5F99A90038D3AB /* Frameworks */ = {
			isa = PBXFrameworksBuildPhase;
			buildActionMask = 2147483647;
			files = (
			);
			runOnlyForDeploymentPostprocessing = 0;
		};
		1CD63BDC2B5F99A90038D3AB /* Frameworks */ = {
			isa = PBXFrameworksBuildPhase;
			buildActionMask = 2147483647;
			files = (
			);
			runOnlyForDeploymentPostprocessing = 0;
		};
/* End PBXFrameworksBuildPhase section */

/* Begin PBXGroup section */
		1CD63BBC2B5F99A60038D3AB = {
			isa = PBXGroup;
			children = (
				1CD63BC72B5F99A60038D3AB /* drmtest */,
				1CD63BD82B5F99A90038D3AB /* drmtestTests */,
				1CD63BE22B5F99A90038D3AB /* drmtestUITests */,
				1CD63BC62B5F99A60038D3AB /* Products */,
			);
			sourceTree = "<group>";
		};
		1CD63BC62B5F99A60038D3AB /* Products */ = {
			isa = PBXGroup;
			children = (
				1CD63BC52B5F99A60038D3AB /* drmtest.app */,
				1CD63BD52B5F99A90038D3AB /* drmtestTests.xctest */,
				1CD63BDF2B5F99A90038D3AB /* drmtestUITests.xctest */,
			);
			name = Products;
			sourceTree = "<group>";
		};
		1CD63BC72B5F99A60038D3AB /* drmtest */ = {
			isa = PBXGroup;
			children = (
				1CD63BC82B5F99A60038D3AB /* drmtestApp.swift */,
				1CD63BCA2B5F99A60038D3AB /* ContentView.swift */,
				1CD63BCC2B5F99A90038D3AB /* Assets.xcassets */,
				1CD63BCE2B5F99A90038D3AB /* Preview Content */,
				1CD63BF32B5F9B130038D3AB /* ComposeView.swift */,
			);
			path = drmtest;
			sourceTree = "<group>";
		};
		1CD63BCE2B5F99A90038D3AB /* Preview Content */ = {
			isa = PBXGroup;
			children = (
				1CD63BCF2B5F99A90038D3AB /* Preview Assets.xcassets */,
			);
			path = "Preview Content";
			sourceTree = "<group>";
		};
		1CD63BD82B5F99A90038D3AB /* drmtestTests */ = {
			isa = PBXGroup;
			children = (
				1CD63BD92B5F99A90038D3AB /* drmtestTests.swift */,
			);
			path = drmtestTests;
			sourceTree = "<group>";
		};
		1CD63BE22B5F99A90038D3AB /* drmtestUITests */ = {
			isa = PBXGroup;
			children = (
				1CD63BE32B5F99A90038D3AB /* drmtestUITests.swift */,
				1CD63BE52B5F99A90038D3AB /* drmtestUITestsLaunchTests.swift */,
			);
			path = drmtestUITests;
			sourceTree = "<group>";
		};
/* End PBXGroup section */

/* Begin PBXNativeTarget section */
		1CD63BC42B5F99A60038D3AB /* drmtest */ = {
			isa = PBXNativeTarget;
			buildConfigurationList = 1CD63BE92B5F99A90038D3AB /* Build configuration list for PBXNativeTarget "drmtest" */;
			buildPhases = (
				1CD63BF22B5F99EB0038D3AB /* ShellScript */,
				1CD63BC12B5F99A60038D3AB /* Sources */,
				1CD63BC22B5F99A60038D3AB /* Frameworks */,
				1CD63BC32B5F99A60038D3AB /* Resources */,
			);
			buildRules = (
			);
			dependencies = (
			);
			name = drmtest;
			productName = drmtest;
			productReference = 1CD63BC52B5F99A60038D3AB /* drmtest.app */;
			productType = "com.apple.product-type.application";
		};
		1CD63BD42B5F99A90038D3AB /* drmtestTests */ = {
			isa = PBXNativeTarget;
			buildConfigurationList = 1CD63BEC2B5F99A90038D3AB /* Build configuration list for PBXNativeTarget "drmtestTests" */;
			buildPhases = (
				1CD63BD12B5F99A90038D3AB /* Sources */,
				1CD63BD22B5F99A90038D3AB /* Frameworks */,
				1CD63BD32B5F99A90038D3AB /* Resources */,
			);
			buildRules = (
			);
			dependencies = (
				1CD63BD72B5F99A90038D3AB /* PBXTargetDependency */,
			);
			name = drmtestTests;
			productName = drmtestTests;
			productReference = 1CD63BD52B5F99A90038D3AB /* drmtestTests.xctest */;
			productType = "com.apple.product-type.bundle.unit-test";
		};
		1CD63BDE2B5F99A90038D3AB /* drmtestUITests */ = {
			isa = PBXNativeTarget;
			buildConfigurationList = 1CD63BEF2B5F99A90038D3AB /* Build configuration list for PBXNativeTarget "drmtestUITests" */;
			buildPhases = (
				1CD63BDB2B5F99A90038D3AB /* Sources */,
				1CD63BDC2B5F99A90038D3AB /* Frameworks */,
				1CD63BDD2B5F99A90038D3AB /* Resources */,
			);
			buildRules = (
			);
			dependencies = (
				1CD63BE12B5F99A90038D3AB /* PBXTargetDependency */,
			);
			name = drmtestUITests;
			productName = drmtestUITests;
			productReference = 1CD63BDF2B5F99A90038D3AB /* drmtestUITests.xctest */;
			productType = "com.apple.product-type.bundle.ui-testing";
		};
/* End PBXNativeTarget section */

/* Begin PBXProject section */
		1CD63BBD2B5F99A60038D3AB /* Project object */ = {
			isa = PBXProject;
			attributes = {
				BuildIndependentTargetsInParallel = 1;
				LastSwiftUpdateCheck = 1510;
				LastUpgradeCheck = 1510;
				TargetAttributes = {
					1CD63BC42B5F99A60038D3AB = {
						CreatedOnToolsVersion = 15.1;
					};
					1CD63BD42B5F99A90038D3AB = {
						CreatedOnToolsVersion = 15.1;
						TestTargetID = 1CD63BC42B5F99A60038D3AB;
					};
					1CD63BDE2B5F99A90038D3AB = {
						CreatedOnToolsVersion = 15.1;
						TestTargetID = 1CD63BC42B5F99A60038D3AB;
					};
				};
			};
			buildConfigurationList = 1CD63BC02B5F99A60038D3AB /* Build configuration list for PBXProject "drmtest" */;
			compatibilityVersion = "Xcode 14.0";
			developmentRegion = en;
			hasScannedForEncodings = 0;
			knownRegions = (
				en,
				Base,
			);
			mainGroup = 1CD63BBC2B5F99A60038D3AB;
			productRefGroup = 1CD63BC62B5F99A60038D3AB /* Products */;
			projectDirPath = "";
			projectRoot = "";
			targets = (
				1CD63BC42B5F99A60038D3AB /* drmtest */,
				1CD63BD42B5F99A90038D3AB /* drmtestTests */,
				1CD63BDE2B5F99A90038D3AB /* drmtestUITests */,
			);
		};
/* End PBXProject section */

/* Begin PBXResourcesBuildPhase section */
		1CD63BC32B5F99A60038D3AB /* Resources */ = {
			isa = PBXResourcesBuildPhase;
			buildActionMask = 2147483647;
			files = (
				1CD63BD02B5F99A90038D3AB /* Preview Assets.xcassets in Resources */,
				1CD63BCD2B5F99A90038D3AB /* Assets.xcassets in Resources */,
			);
			runOnlyForDeploymentPostprocessing = 0;
		};
		1CD63BD32B5F99A90038D3AB /* Resources */ = {
			isa = PBXResourcesBuildPhase;
			buildActionMask = 2147483647;
			files = (
			);
			runOnlyForDeploymentPostprocessing = 0;
		};
		1CD63BDD2B5F99A90038D3AB /* Resources */ = {
			isa = PBXResourcesBuildPhase;
			buildActionMask = 2147483647;
			files = (
			);
			runOnlyForDeploymentPostprocessing = 0;
		};
/* End PBXResourcesBuildPhase section */

/* Begin PBXShellScriptBuildPhase section */
		1CD63BF22B5F99EB0038D3AB /* ShellScript */ = {
			isa = PBXShellScriptBuildPhase;
			buildActionMask = 2147483647;
			files = (
			);
			inputFileListPaths = (
			);
			inputPaths = (
			);
			outputFileListPaths = (
			);
			outputPaths = (
			);
			runOnlyForDeploymentPostprocessing = 0;
			shellPath = /bin/sh;
			shellScript = "# Type a script or drag a script file from your workspace to insert its path.\ncd \"$SRCROOT/..\"\n./gradlew :shared:embedAndSignAppleFrameworkForXcode\n";
		};
/* End PBXShellScriptBuildPhase section */

/* Begin PBXSourcesBuildPhase section */
		1CD63BC12B5F99A60038D3AB /* Sources */ = {
			isa = PBXSourcesBuildPhase;
			buildActionMask = 2147483647;
			files = (
				1CD63BF42B5F9B130038D3AB /* ComposeView.swift in Sources */,
				1CD63BCB2B5F99A60038D3AB /* ContentView.swift in Sources */,
				1CD63BC92B5F99A60038D3AB /* drmtestApp.swift in Sources */,
			);
			runOnlyForDeploymentPostprocessing = 0;
		};
		1CD63BD12B5F99A90038D3AB /* Sources */ = {
			isa = PBXSourcesBuildPhase;
			buildActionMask = 2147483647;
			files = (
				1CD63BDA2B5F99A90038D3AB /* drmtestTests.swift in Sources */,
			);
			runOnlyForDeploymentPostprocessing = 0;
		};
		1CD63BDB2B5F99A90038D3AB /* Sources */ = {
			isa = PBXSourcesBuildPhase;
			buildActionMask = 2147483647;
			files = (
				1CD63BE62B5F99A90038D3AB /* drmtestUITestsLaunchTests.swift in Sources */,
				1CD63BE42B5F99A90038D3AB /* drmtestUITests.swift in Sources */,
			);
			runOnlyForDeploymentPostprocessing = 0;
		};
/* End PBXSourcesBuildPhase section */

/* Begin PBXTargetDependency section */
		1CD63BD72B5F99A90038D3AB /* PBXTargetDependency */ = {
			isa = PBXTargetDependency;
			target = 1CD63BC42B5F99A60038D3AB /* drmtest */;
			targetProxy = 1CD63BD62B5F99A90038D3AB /* PBXContainerItemProxy */;
		};
		1CD63BE12B5F99A90038D3AB /* PBXTargetDependency */ = {
			isa = PBXTargetDependency;
			target = 1CD63BC42B5F99A60038D3AB /* drmtest */;
			targetProxy = 1CD63BE02B5F99A90038D3AB /* PBXContainerItemProxy */;
		};
/* End PBXTargetDependency section */

/* Begin XCBuildConfiguration section */
		1CD63BE72B5F99A90038D3AB /* Debug */ = {
			isa = XCBuildConfiguration;
			buildSettings = {
				ALWAYS_SEARCH_USER_PATHS = NO;
				ASSETCATALOG_COMPILER_GENERATE_SWIFT_ASSET_SYMBOL_EXTENSIONS = YES;
				CLANG_ANALYZER_NONNULL = YES;
				CLANG_ANALYZER_NUMBER_OBJECT_CONVERSION = YES_AGGRESSIVE;
				CLANG_CXX_LANGUAGE_STANDARD = "gnu++20";
				CLANG_ENABLE_MODULES = YES;
				CLANG_ENABLE_OBJC_ARC = YES;
				CLANG_ENABLE_OBJC_WEAK = YES;
				CLANG_WARN_BLOCK_CAPTURE_AUTORELEASING = YES;
				CLANG_WARN_BOOL_CONVERSION = YES;
				CLANG_WARN_COMMA = YES;
				CLANG_WARN_CONSTANT_CONVERSION = YES;
				CLANG_WARN_DEPRECATED_OBJC_IMPLEMENTATIONS = YES;
				CLANG_WARN_DIRECT_OBJC_ISA_USAGE = YES_ERROR;
				CLANG_WARN_DOCUMENTATION_COMMENTS = YES;
				CLANG_WARN_EMPTY_BODY = YES;
				CLANG_WARN_ENUM_CONVERSION = YES;
				CLANG_WARN_INFINITE_RECURSION = YES;
				CLANG_WARN_INT_CONVERSION = YES;
				CLANG_WARN_NON_LITERAL_NULL_CONVERSION = YES;
				CLANG_WARN_OBJC_IMPLICIT_RETAIN_SELF = YES;
				CLANG_WARN_OBJC_LITERAL_CONVERSION = YES;
				CLANG_WARN_OBJC_ROOT_CLASS = YES_ERROR;
				CLANG_WARN_QUOTED_INCLUDE_IN_FRAMEWORK_HEADER = YES;
				CLANG_WARN_RANGE_LOOP_ANALYSIS = YES;
				CLANG_WARN_STRICT_PROTOTYPES = YES;
				CLANG_WARN_SUSPICIOUS_MOVE = YES;
				CLANG_WARN_UNGUARDED_AVAILABILITY = YES_AGGRESSIVE;
				CLANG_WARN_UNREACHABLE_CODE = YES;
				CLANG_WARN__DUPLICATE_METHOD_MATCH = YES;
				COPY_PHASE_STRIP = NO;
				DEBUG_INFORMATION_FORMAT = dwarf;
				ENABLE_STRICT_OBJC_MSGSEND = YES;
				ENABLE_TESTABILITY = YES;
				ENABLE_USER_SCRIPT_SANDBOXING = YES;
				GCC_C_LANGUAGE_STANDARD = gnu17;
				GCC_DYNAMIC_NO_PIC = NO;
				GCC_NO_COMMON_BLOCKS = YES;
				GCC_OPTIMIZATION_LEVEL = 0;
				GCC_PREPROCESSOR_DEFINITIONS = (
					"DEBUG=1",
					"$(inherited)",
				);
				GCC_WARN_64_TO_32_BIT_CONVERSION = YES;
				GCC_WARN_ABOUT_RETURN_TYPE = YES_ERROR;
				GCC_WARN_UNDECLARED_SELECTOR = YES;
				GCC_WARN_UNINITIALIZED_AUTOS = YES_AGGRESSIVE;
				GCC_WARN_UNUSED_FUNCTION = YES;
				GCC_WARN_UNUSED_VARIABLE = YES;
				IPHONEOS_DEPLOYMENT_TARGET = 17.2;
				LOCALIZATION_PREFERS_STRING_CATALOGS = YES;
				MTL_ENABLE_DEBUG_INFO = INCLUDE_SOURCE;
				MTL_FAST_MATH = YES;
				ONLY_ACTIVE_ARCH = YES;
				SDKROOT = iphoneos;
				SWIFT_ACTIVE_COMPILATION_CONDITIONS = "DEBUG $(inherited)";
				SWIFT_OPTIMIZATION_LEVEL = "-Onone";
			};
			name = Debug;
		};
		1CD63BE82B5F99A90038D3AB /* Release */ = {
			isa = XCBuildConfiguration;
			buildSettings = {
				ALWAYS_SEARCH_USER_PATHS = NO;
				ASSETCATALOG_COMPILER_GENERATE_SWIFT_ASSET_SYMBOL_EXTENSIONS = YES;
				CLANG_ANALYZER_NONNULL = YES;
				CLANG_ANALYZER_NUMBER_OBJECT_CONVERSION = YES_AGGRESSIVE;
				CLANG_CXX_LANGUAGE_STANDARD = "gnu++20";
				CLANG_ENABLE_MODULES = YES;
				CLANG_ENABLE_OBJC_ARC = YES;
				CLANG_ENABLE_OBJC_WEAK = YES;
				CLANG_WARN_BLOCK_CAPTURE_AUTORELEASING = YES;
				CLANG_WARN_BOOL_CONVERSION = YES;
				CLANG_WARN_COMMA = YES;
				CLANG_WARN_CONSTANT_CONVERSION = YES;
				CLANG_WARN_DEPRECATED_OBJC_IMPLEMENTATIONS = YES;
				CLANG_WARN_DIRECT_OBJC_ISA_USAGE = YES_ERROR;
				CLANG_WARN_DOCUMENTATION_COMMENTS = YES;
				CLANG_WARN_EMPTY_BODY = YES;
				CLANG_WARN_ENUM_CONVERSION = YES;
				CLANG_WARN_INFINITE_RECURSION = YES;
				CLANG_WARN_INT_CONVERSION = YES;
				CLANG_WARN_NON_LITERAL_NULL_CONVERSION = YES;
				CLANG_WARN_OBJC_IMPLICIT_RETAIN_SELF = YES;
				CLANG_WARN_OBJC_LITERAL_CONVERSION = YES;
				CLANG_WARN_OBJC_ROOT_CLASS = YES_ERROR;
				CLANG_WARN_QUOTED_INCLUDE_IN_FRAMEWORK_HEADER = YES;
				CLANG_WARN_RANGE_LOOP_ANALYSIS = YES;
				CLANG_WARN_STRICT_PROTOTYPES = YES;
				CLANG_WARN_SUSPICIOUS_MOVE = YES;
				CLANG_WARN_UNGUARDED_AVAILABILITY = YES_AGGRESSIVE;
				CLANG_WARN_UNREACHABLE_CODE = YES;
				CLANG_WARN__DUPLICATE_METHOD_MATCH = YES;
				COPY_PHASE_STRIP = NO;
				DEBUG_INFORMATION_FORMAT = "dwarf-with-dsym";
				ENABLE_NS_ASSERTIONS = NO;
				ENABLE_STRICT_OBJC_MSGSEND = YES;
				ENABLE_USER_SCRIPT_SANDBOXING = YES;
				GCC_C_LANGUAGE_STANDARD = gnu17;
				GCC_NO_COMMON_BLOCKS = YES;
				GCC_WARN_64_TO_32_BIT_CONVERSION = YES;
				GCC_WARN_ABOUT_RETURN_TYPE = YES_ERROR;
				GCC_WARN_UNDECLARED_SELECTOR = YES;
				GCC_WARN_UNINITIALIZED_AUTOS = YES_AGGRESSIVE;
				GCC_WARN_UNUSED_FUNCTION = YES;
				GCC_WARN_UNUSED_VARIABLE = YES;
				IPHONEOS_DEPLOYMENT_TARGET = 17.2;
				LOCALIZATION_PREFERS_STRING_CATALOGS = YES;
				MTL_ENABLE_DEBUG_INFO = NO;
				MTL_FAST_MATH = YES;
				SDKROOT = iphoneos;
				SWIFT_COMPILATION_MODE = wholemodule;
				VALIDATE_PRODUCT = YES;
			};
			name = Release;
		};
		1CD63BEA2B5F99A90038D3AB /* Debug */ = {
			isa = XCBuildConfiguration;
			buildSettings = {
				ASSETCATALOG_COMPILER_APPICON_NAME = AppIcon;
				ASSETCATALOG_COMPILER_GLOBAL_ACCENT_COLOR_NAME = AccentColor;
				CODE_SIGN_STYLE = Automatic;
				CURRENT_PROJECT_VERSION = 1;
				DEVELOPMENT_ASSET_PATHS = "\"drmtest/Preview Content\"";
				DEVELOPMENT_TEAM = 2GV442J87Z;
				ENABLE_PREVIEWS = YES;
				ENABLE_USER_SCRIPT_SANDBOXING = NO;
				FRAMEWORK_SEARCH_PATHS = (
					"$(SRCROOT)/../shared/build/xcode-frameworks/$(CONFIGURATION)/$(SDK_NAME)",
					"$(SRCROOT)/../shared/build/xcode-frameworks/$(CONFIGURATION)/$(SDK_NAME)",
					"$(SRCROOT)/../shared/build/xcode-frameworks/$(CONFIGURATION)/$(SDK_NAME)",
				);
				GENERATE_INFOPLIST_FILE = YES;
				INFOPLIST_KEY_UIApplicationSceneManifest_Generation = YES;
				INFOPLIST_KEY_UIApplicationSupportsIndirectInputEvents = YES;
				INFOPLIST_KEY_UILaunchScreen_Generation = YES;
				INFOPLIST_KEY_UISupportedInterfaceOrientations_iPad = "UIInterfaceOrientationPortrait UIInterfaceOrientationPortraitUpsideDown UIInterfaceOrientationLandscapeLeft UIInterfaceOrientationLandscapeRight";
				INFOPLIST_KEY_UISupportedInterfaceOrientations_iPhone = "UIInterfaceOrientationPortrait UIInterfaceOrientationLandscapeLeft UIInterfaceOrientationLandscapeRight";
				LD_RUNPATH_SEARCH_PATHS = (
					"$(inherited)",
					"@executable_path/Frameworks",
				);
				MARKETING_VERSION = 1.0;
				PRODUCT_BUNDLE_IDENTIFIER = nabin0.drmtest;
				PRODUCT_NAME = "$(TARGET_NAME)";
				SWIFT_EMIT_LOC_STRINGS = YES;
				SWIFT_VERSION = 5.0;
				TARGETED_DEVICE_FAMILY = "1,2";
			};
			name = Debug;
		};
		1CD63BEB2B5F99A90038D3AB /* Release */ = {
			isa = XCBuildConfiguration;
			buildSettings = {
				ASSETCATALOG_COMPILER_APPICON_NAME = AppIcon;
				ASSETCATALOG_COMPILER_GLOBAL_ACCENT_COLOR_NAME = AccentColor;
				CODE_SIGN_STYLE = Automatic;
				CURRENT_PROJECT_VERSION = 1;
				DEVELOPMENT_ASSET_PATHS = "\"drmtest/Preview Content\"";
				DEVELOPMENT_TEAM = 2GV442J87Z;
				ENABLE_PREVIEWS = YES;
				ENABLE_USER_SCRIPT_SANDBOXING = NO;
				FRAMEWORK_SEARCH_PATHS = (
					"$(SRCROOT)/../shared/build/xcode-frameworks/$(CONFIGURATION)/$(SDK_NAME)",
					"$(SRCROOT)/../shared/build/xcode-frameworks/$(CONFIGURATION)/$(SDK_NAME)",
					"$(SRCROOT)/../shared/build/xcode-frameworks/$(CONFIGURATION)/$(SDK_NAME)",
				);
				GENERATE_INFOPLIST_FILE = YES;
				INFOPLIST_KEY_UIApplicationSceneManifest_Generation = YES;
				INFOPLIST_KEY_UIApplicationSupportsIndirectInputEvents = YES;
				INFOPLIST_KEY_UILaunchScreen_Generation = YES;
				INFOPLIST_KEY_UISupportedInterfaceOrientations_iPad = "UIInterfaceOrientationPortrait UIInterfaceOrientationPortraitUpsideDown UIInterfaceOrientationLandscapeLeft UIInterfaceOrientationLandscapeRight";
				INFOPLIST_KEY_UISupportedInterfaceOrientations_iPhone = "UIInterfaceOrientationPortrait UIInterfaceOrientationLandscapeLeft UIInterfaceOrientationLandscapeRight";
				LD_RUNPATH_SEARCH_PATHS = (
					"$(inherited)",
					"@executable_path/Frameworks",
				);
				MARKETING_VERSION = 1.0;
				PRODUCT_BUNDLE_IDENTIFIER = nabin0.drmtest;
				PRODUCT_NAME = "$(TARGET_NAME)";
				SWIFT_EMIT_LOC_STRINGS = YES;
				SWIFT_VERSION = 5.0;
				TARGETED_DEVICE_FAMILY = "1,2";
			};
			name = Release;
		};
		1CD63BED2B5F99A90038D3AB /* Debug */ = {
			isa = XCBuildConfiguration;
			buildSettings = {
				ALWAYS_EMBED_SWIFT_STANDARD_LIBRARIES = YES;
				BUNDLE_LOADER = "$(TEST_HOST)";
				CODE_SIGN_STYLE = Automatic;
				CURRENT_PROJECT_VERSION = 1;
				DEVELOPMENT_TEAM = 2GV442J87Z;
				GENERATE_INFOPLIST_FILE = YES;
				IPHONEOS_DEPLOYMENT_TARGET = 17.2;
				MARKETING_VERSION = 1.0;
				PRODUCT_BUNDLE_IDENTIFIER = nabin0.drmtestTests;
				PRODUCT_NAME = "$(TARGET_NAME)";
				SWIFT_EMIT_LOC_STRINGS = NO;
				SWIFT_VERSION = 5.0;
				TARGETED_DEVICE_FAMILY = "1,2";
				TEST_HOST = "$(BUILT_PRODUCTS_DIR)/drmtest.app/$(BUNDLE_EXECUTABLE_FOLDER_PATH)/drmtest";
			};
			name = Debug;
		};
		1CD63BEE2B5F99A90038D3AB /* Release */ = {
			isa = XCBuildConfiguration;
			buildSettings = {
				ALWAYS_EMBED_SWIFT_STANDARD_LIBRARIES = YES;
				BUNDLE_LOADER = "$(TEST_HOST)";
				CODE_SIGN_STYLE = Automatic;
				CURRENT_PROJECT_VERSION = 1;
				DEVELOPMENT_TEAM = 2GV442J87Z;
				GENERATE_INFOPLIST_FILE = YES;
				IPHONEOS_DEPLOYMENT_TARGET = 17.2;
				MARKETING_VERSION = 1.0;
				PRODUCT_BUNDLE_IDENTIFIER = nabin0.drmtestTests;
				PRODUCT_NAME = "$(TARGET_NAME)";
				SWIFT_EMIT_LOC_STRINGS = NO;
				SWIFT_VERSION = 5.0;
				TARGETED_DEVICE_FAMILY = "1,2";
				TEST_HOST = "$(BUILT_PRODUCTS_DIR)/drmtest.app/$(BUNDLE_EXECUTABLE_FOLDER_PATH)/drmtest";
			};
			name = Release;
		};
		1CD63BF02B5F99A90038D3AB /* Debug */ = {
			isa = XCBuildConfiguration;
			buildSettings = {
				ALWAYS_EMBED_SWIFT_STANDARD_LIBRARIES = YES;
				CODE_SIGN_STYLE = Automatic;
				CURRENT_PROJECT_VERSION = 1;
				DEVELOPMENT_TEAM = 2GV442J87Z;
				GENERATE_INFOPLIST_FILE = YES;
				MARKETING_VERSION = 1.0;
				PRODUCT_BUNDLE_IDENTIFIER = nabin0.drmtestUITests;
				PRODUCT_NAME = "$(TARGET_NAME)";
				SWIFT_EMIT_LOC_STRINGS = NO;
				SWIFT_VERSION = 5.0;
				TARGETED_DEVICE_FAMILY = "1,2";
				TEST_TARGET_NAME = drmtest;
			};
			name = Debug;
		};
		1CD63BF12B5F99A90038D3AB /* Release */ = {
			isa = XCBuildConfiguration;
			buildSettings = {
				ALWAYS_EMBED_SWIFT_STANDARD_LIBRARIES = YES;
				CODE_SIGN_STYLE = Automatic;
				CURRENT_PROJECT_VERSION = 1;
				DEVELOPMENT_TEAM = 2GV442J87Z;
				GENERATE_INFOPLIST_FILE = YES;
				MARKETING_VERSION = 1.0;
				PRODUCT_BUNDLE_IDENTIFIER = nabin0.drmtestUITests;
				PRODUCT_NAME = "$(TARGET_NAME)";
				SWIFT_EMIT_LOC_STRINGS = NO;
				SWIFT_VERSION = 5.0;
				TARGETED_DEVICE_FAMILY = "1,2";
				TEST_TARGET_NAME = drmtest;
			};
			name = Release;
		};
/* End XCBuildConfiguration section */

/* Begin XCConfigurationList section */
		1CD63BC02B5F99A60038D3AB /* Build configuration list for PBXProject "drmtest" */ = {
			isa = XCConfigurationList;
			buildConfigurations = (
				1CD63BE72B5F99A90038D3AB /* Debug */,
				1CD63BE82B5F99A90038D3AB /* Release */,
			);
			defaultConfigurationIsVisible = 0;
			defaultConfigurationName = Release;
		};
		1CD63BE92B5F99A90038D3AB /* Build configuration list for PBXNativeTarget "drmtest" */ = {
			isa = XCConfigurationList;
			buildConfigurations = (
				1CD63BEA2B5F99A90038D3AB /* Debug */,
				1CD63BEB2B5F99A90038D3AB /* Release */,
			);
			defaultConfigurationIsVisible = 0;
			defaultConfigurationName = Release;
		};
		1CD63BEC2B5F99A90038D3AB /* Build configuration list for PBXNativeTarget "drmtestTests" */ = {
			isa = XCConfigurationList;
			buildConfigurations = (
				1CD63BED2B5F99A90038D3AB /* Debug */,
				1CD63BEE2B5F99A90038D3AB /* Release */,
			);
			defaultConfigurationIsVisible = 0;
			defaultConfigurationName = Release;
		};
		1CD63BEF2B5F99A90038D3AB /* Build configuration list for PBXNativeTarget "drmtestUITests" */ = {
			isa = XCConfigurationList;
			buildConfigurations = (
				1CD63BF02B5F99A90038D3AB /* Debug */,
				1CD63BF12B5F99A90038D3AB /* Release */,
			);
			defaultConfigurationIsVisible = 0;
			defaultConfigurationName = Release;
		};
/* End XCConfigurationList section */
	};
	rootObject = 1CD63BBD2B5F99A60038D3AB /* Project object */;
}
